PODS:
  - Alamofire (4.7.2)
  - BRYXBanner (0.8.0)
  - IQKeyboardManager (6.0.3)
  - lottie-ios (2.0.3)
  - ReachabilitySwift (4.1.0)

DEPENDENCIES:
  - Alamofire (~> 4.7)
  - BRYXBanner
  - IQKeyboardManager
  - lottie-ios (= 2.0.3)
  - ReachabilitySwift

SPEC REPOS:
  https://github.com/cocoapods/specs.git:
    - Alamofire
    - BRYXBanner
    - IQKeyboardManager
    - lottie-ios
    - ReachabilitySwift

SPEC CHECKSUMS:
  Alamofire: e4fa87002c137ba2d8d634d2c51fabcda0d5c223
  BRYXBanner: 406c3775789136531da6f3c98058be2f16e08a34
  IQKeyboardManager: c390e612f4b98c8fd748016470138537dc163ead
  lottie-ios: 445f77c7f661f95587e49095a1ac7de43f0da896
  ReachabilitySwift: 6849231cd4e06559f3b9ef4a97a0a0f96d41e09f

PODFILE CHECKSUM: 6519e4ccc8331f03216d61341ce4001a192549e5

COCOAPODS: 1.5.3
